
Microsoft Visual Studio Solution File, Format Version 12.00
# Visual Studio 2013
VisualStudioVersion = 12.0.31101.0
MinimumVisualStudioVersion = 10.0.40219.1
Project("{FAE04EC0-301F-11D3-BF4B-00C04F79EFBC}") = "DZXSLGP", "DZXSLGP\DZXSLGP.csproj", "{24A5530E-9A06-4F2A-9577-CF0DCC957088}"
EndProject
Project("{FAE04EC0-301F-11D3-BF4B-00C04F79EFBC}") = "DZXSLGP.Web", "DZXSLGP.Web\DZXSLGP.Web.csproj", "{B7CBBDB8-E700-4C42-87DE-D76EBD35AA92}"
EndProject
Global
	GlobalSection(SolutionConfigurationPlatforms) = preSolution
		Debug|Any CPU = Debug|Any CPU
		Release|Any CPU = Release|Any CPU
	EndGlobalSection
	GlobalSection(ProjectConfigurationPlatforms) = postSolution
		{24A5530E-9A06-4F2A-9577-CF0DCC957088}.Debug|Any CPU.ActiveCfg = Debug|Any CPU
		{24A5530E-9A06-4F2A-9577-CF0DCC957088}.Debug|Any CPU.Build.0 = Debug|Any CPU
		{24A5530E-9A06-4F2A-9577-CF0DCC957088}.Release|Any CPU.ActiveCfg = Release|Any CPU
		{24A5530E-9A06-4F2A-9577-CF0DCC957088}.Release|Any CPU.Build.0 = Release|Any CPU
		{B7CBBDB8-E700-4C42-87DE-D76EBD35AA92}.Debug|Any CPU.ActiveCfg = Debug|Any CPU
		{B7CBBDB8-E700-4C42-87DE-D76EBD35AA92}.Debug|Any CPU.Build.0 = Debug|Any CPU
		{B7CBBDB8-E700-4C42-87DE-D76EBD35AA92}.Release|Any CPU.ActiveCfg = Release|Any CPU
		{B7CBBDB8-E700-4C42-87DE-D76EBD35AA92}.Release|Any CPU.Build.0 = Release|Any CPU
	EndGlobalSection
	GlobalSection(SolutionProperties) = preSolution
		HideSolutionNode = FALSE
	EndGlobalSection
EndGlobal
