
Microsoft Visual Studio Solution File, Format Version 12.00
# Visual Studio 2013
VisualStudioVersion = 12.0.30501.0
MinimumVisualStudioVersion = 10.0.40219.1
Project("{FAE04EC0-301F-11D3-BF4B-00C04F79EFBC}") = "HeatMap", "HeatMap\HeatMap.csproj", "{BBAD60EA-0BFA-4926-B5C5-0BA398C9FEBE}"
EndProject
Project("{FAE04EC0-301F-11D3-BF4B-00C04F79EFBC}") = "HeatMap.Web", "HeatMap.Web\HeatMap.Web.csproj", "{3417EB37-2425-42AB-9B10-00520D489309}"
EndProject
Global
	GlobalSection(SolutionConfigurationPlatforms) = preSolution
		Debug|Any CPU = Debug|Any CPU
		Release|Any CPU = Release|Any CPU
	EndGlobalSection
	GlobalSection(ProjectConfigurationPlatforms) = postSolution
		{BBAD60EA-0BFA-4926-B5C5-0BA398C9FEBE}.Debug|Any CPU.ActiveCfg = Debug|Any CPU
		{BBAD60EA-0BFA-4926-B5C5-0BA398C9FEBE}.Debug|Any CPU.Build.0 = Debug|Any CPU
		{BBAD60EA-0BFA-4926-B5C5-0BA398C9FEBE}.Release|Any CPU.ActiveCfg = Release|Any CPU
		{BBAD60EA-0BFA-4926-B5C5-0BA398C9FEBE}.Release|Any CPU.Build.0 = Release|Any CPU
		{3417EB37-2425-42AB-9B10-00520D489309}.Debug|Any CPU.ActiveCfg = Debug|Any CPU
		{3417EB37-2425-42AB-9B10-00520D489309}.Debug|Any CPU.Build.0 = Debug|Any CPU
		{3417EB37-2425-42AB-9B10-00520D489309}.Release|Any CPU.ActiveCfg = Release|Any CPU
		{3417EB37-2425-42AB-9B10-00520D489309}.Release|Any CPU.Build.0 = Release|Any CPU
	EndGlobalSection
	GlobalSection(SolutionProperties) = preSolution
		HideSolutionNode = FALSE
	EndGlobalSection
EndGlobal
