
Microsoft Visual Studio Solution File, Format Version 12.00
# Visual Studio 2012
Project("{FAE04EC0-301F-11D3-BF4B-00C04F79EFBC}") = "wContourToSliverlight", "wContourToSliverlight\wContourToSliverlight.csproj", "{E40AF8FC-B21C-40E6-BA54-721EBC188ECA}"
EndProject
Project("{FAE04EC0-301F-11D3-BF4B-00C04F79EFBC}") = "wContourToSliverlight.Web", "wContourToSliverlight.Web\wContourToSliverlight.Web.csproj", "{3BD961FE-C1C0-48B5-88D5-3823C1B380B2}"
EndProject
Global
	GlobalSection(SolutionConfigurationPlatforms) = preSolution
		Debug|Any CPU = Debug|Any CPU
		Release|Any CPU = Release|Any CPU
	EndGlobalSection
	GlobalSection(ProjectConfigurationPlatforms) = postSolution
		{E40AF8FC-B21C-40E6-BA54-721EBC188ECA}.Debug|Any CPU.ActiveCfg = Debug|Any CPU
		{E40AF8FC-B21C-40E6-BA54-721EBC188ECA}.Debug|Any CPU.Build.0 = Debug|Any CPU
		{E40AF8FC-B21C-40E6-BA54-721EBC188ECA}.Release|Any CPU.ActiveCfg = Release|Any CPU
		{E40AF8FC-B21C-40E6-BA54-721EBC188ECA}.Release|Any CPU.Build.0 = Release|Any CPU
		{3BD961FE-C1C0-48B5-88D5-3823C1B380B2}.Debug|Any CPU.ActiveCfg = Debug|Any CPU
		{3BD961FE-C1C0-48B5-88D5-3823C1B380B2}.Debug|Any CPU.Build.0 = Debug|Any CPU
		{3BD961FE-C1C0-48B5-88D5-3823C1B380B2}.Release|Any CPU.ActiveCfg = Release|Any CPU
		{3BD961FE-C1C0-48B5-88D5-3823C1B380B2}.Release|Any CPU.Build.0 = Release|Any CPU
	EndGlobalSection
	GlobalSection(SolutionProperties) = preSolution
		HideSolutionNode = FALSE
	EndGlobalSection
EndGlobal
