
Microsoft Visual Studio Solution File, Format Version 12.00
# Visual Studio 2012
Project("{FAE04EC0-301F-11D3-BF4B-00C04F79EFBC}") = "DispMapBoundary", "DispMapBoundary\DispMapBoundary.csproj", "{7E064241-E5DA-4CE6-8DE9-90FFBABB4395}"
EndProject
Global
	GlobalSection(SolutionConfigurationPlatforms) = preSolution
		Debug|Any CPU = Debug|Any CPU
		Release|Any CPU = Release|Any CPU
	EndGlobalSection
	GlobalSection(ProjectConfigurationPlatforms) = postSolution
		{7E064241-E5DA-4CE6-8DE9-90FFBABB4395}.Debug|Any CPU.ActiveCfg = Debug|Any CPU
		{7E064241-E5DA-4CE6-8DE9-90FFBABB4395}.Debug|Any CPU.Build.0 = Debug|Any CPU
		{7E064241-E5DA-4CE6-8DE9-90FFBABB4395}.Release|Any CPU.ActiveCfg = Release|Any CPU
		{7E064241-E5DA-4CE6-8DE9-90FFBABB4395}.Release|Any CPU.Build.0 = Release|Any CPU
	EndGlobalSection
	GlobalSection(SolutionProperties) = preSolution
		HideSolutionNode = FALSE
	EndGlobalSection
EndGlobal
